
Microsoft Visual Studio Solution File, Format Version 12.00
# Visual Studio Version 16
VisualStudioVersion = 16.0.29306.81
MinimumVisualStudioVersion = 10.0.40219.1
Project("{FAE04EC0-301F-11D3-BF4B-00C04F79EFBC}") = "XML_JSON", "ConsoleApp1\XML_JSON.csproj", "{C09DBEFE-7BC0-418E-9C79-EF5DF431BDED}"
EndProject
Global
	GlobalSection(SolutionConfigurationPlatforms) = preSolution
		Debug|Any CPU = Debug|Any CPU
		Release|Any CPU = Release|Any CPU
	EndGlobalSection
	GlobalSection(ProjectConfigurationPlatforms) = postSolution
		{C09DBEFE-7BC0-418E-9C79-EF5DF431BDED}.Debug|Any CPU.ActiveCfg = Debug|Any CPU
		{C09DBEFE-7BC0-418E-9C79-EF5DF431BDED}.Debug|Any CPU.Build.0 = Debug|Any CPU
		{C09DBEFE-7BC0-418E-9C79-EF5DF431BDED}.Release|Any CPU.ActiveCfg = Release|Any CPU
		{C09DBEFE-7BC0-418E-9C79-EF5DF431BDED}.Release|Any CPU.Build.0 = Release|Any CPU
	EndGlobalSection
	GlobalSection(SolutionProperties) = preSolution
		HideSolutionNode = FALSE
	EndGlobalSection
	GlobalSection(ExtensibilityGlobals) = postSolution
		SolutionGuid = {E9024961-ACEE-4A18-8F92-D7011DD1F5CB}
	EndGlobalSection
EndGlobal
